
Microsoft Visual Studio Solution File, Format Version 12.00
# Visual Studio Version 17
VisualStudioVersion = 17.0.31903.59
MinimumVisualStudioVersion = 10.0.40219.1
Project("{8BC9CEB8-8B4A-11D0-8D11-00A0C91BC942}") = "SingleParticleAnalysis", "SingleParticleAnalysis\SingleParticleAnalysis.vcxproj", "{9082A561-668E-4930-BCD5-DD8A1861075F}"
EndProject
Project("{8BC9CEB8-8B4A-11D0-8D11-00A0C91BC942}") = "SingleParticleFlowPerMoment", "SingleParticleFlowPerMoment\SingleParticleFlowPerMoment.vcxproj", "{06A75E0E-CC7B-422C-8E4E-043000B717B1}"
EndProject
Project("{888888A0-9F3D-457C-B088-3A5042F75D52}") = "PY_bandLife", "PY_bandLife\PY_bandLife.pyproj", "{DD20A617-883B-499A-88FD-B51F968B1C79}"
EndProject
Global
	GlobalSection(SolutionConfigurationPlatforms) = preSolution
		Debug|Any CPU = Debug|Any CPU
		Debug|x64 = Debug|x64
		Debug|x86 = Debug|x86
		Release|Any CPU = Release|Any CPU
		Release|x64 = Release|x64
		Release|x86 = Release|x86
	EndGlobalSection
	GlobalSection(ProjectConfigurationPlatforms) = postSolution
		{9082A561-668E-4930-BCD5-DD8A1861075F}.Debug|Any CPU.ActiveCfg = Debug|x64
		{9082A561-668E-4930-BCD5-DD8A1861075F}.Debug|Any CPU.Build.0 = Debug|x64
		{9082A561-668E-4930-BCD5-DD8A1861075F}.Debug|x64.ActiveCfg = Debug|x64
		{9082A561-668E-4930-BCD5-DD8A1861075F}.Debug|x86.ActiveCfg = Debug|Win32
		{9082A561-668E-4930-BCD5-DD8A1861075F}.Debug|x86.Build.0 = Debug|Win32
		{9082A561-668E-4930-BCD5-DD8A1861075F}.Release|Any CPU.ActiveCfg = Release|x64
		{9082A561-668E-4930-BCD5-DD8A1861075F}.Release|Any CPU.Build.0 = Release|x64
		{9082A561-668E-4930-BCD5-DD8A1861075F}.Release|x64.ActiveCfg = Release|x64
		{9082A561-668E-4930-BCD5-DD8A1861075F}.Release|x64.Build.0 = Release|x64
		{9082A561-668E-4930-BCD5-DD8A1861075F}.Release|x86.ActiveCfg = Release|Win32
		{9082A561-668E-4930-BCD5-DD8A1861075F}.Release|x86.Build.0 = Release|Win32
		{06A75E0E-CC7B-422C-8E4E-043000B717B1}.Debug|Any CPU.ActiveCfg = Debug|x64
		{06A75E0E-CC7B-422C-8E4E-043000B717B1}.Debug|Any CPU.Build.0 = Debug|x64
		{06A75E0E-CC7B-422C-8E4E-043000B717B1}.Debug|x64.ActiveCfg = Debug|x64
		{06A75E0E-CC7B-422C-8E4E-043000B717B1}.Debug|x64.Build.0 = Debug|x64
		{06A75E0E-CC7B-422C-8E4E-043000B717B1}.Debug|x86.ActiveCfg = Debug|Win32
		{06A75E0E-CC7B-422C-8E4E-043000B717B1}.Debug|x86.Build.0 = Debug|Win32
		{06A75E0E-CC7B-422C-8E4E-043000B717B1}.Release|Any CPU.ActiveCfg = Release|x64
		{06A75E0E-CC7B-422C-8E4E-043000B717B1}.Release|Any CPU.Build.0 = Release|x64
		{06A75E0E-CC7B-422C-8E4E-043000B717B1}.Release|x64.ActiveCfg = Release|x64
		{06A75E0E-CC7B-422C-8E4E-043000B717B1}.Release|x64.Build.0 = Release|x64
		{06A75E0E-CC7B-422C-8E4E-043000B717B1}.Release|x86.ActiveCfg = Release|Win32
		{06A75E0E-CC7B-422C-8E4E-043000B717B1}.Release|x86.Build.0 = Release|Win32
		{DD20A617-883B-499A-88FD-B51F968B1C79}.Debug|Any CPU.ActiveCfg = Debug|Any CPU
		{DD20A617-883B-499A-88FD-B51F968B1C79}.Debug|x64.ActiveCfg = Debug|Any CPU
		{DD20A617-883B-499A-88FD-B51F968B1C79}.Debug|x86.ActiveCfg = Debug|Any CPU
		{DD20A617-883B-499A-88FD-B51F968B1C79}.Release|Any CPU.ActiveCfg = Release|Any CPU
		{DD20A617-883B-499A-88FD-B51F968B1C79}.Release|x64.ActiveCfg = Release|Any CPU
		{DD20A617-883B-499A-88FD-B51F968B1C79}.Release|x86.ActiveCfg = Release|Any CPU
	EndGlobalSection
	GlobalSection(SolutionProperties) = preSolution
		HideSolutionNode = FALSE
	EndGlobalSection
	GlobalSection(ExtensibilityGlobals) = postSolution
		SolutionGuid = {FBF10E03-08AF-4D1E-8BBC-60AAB2D92966}
	EndGlobalSection
EndGlobal
